fn:
  - LockToken
  - CreateShared
  - CreateExclusive
  - CreateAllExclusive
  - ToString
  - ReadOptimizedLock
  - CalculateIndex
  - TryAcquireSharedLock
  - AcquireSharedLock
  - ReleaseLock
  - TryAcquireExclusiveLock
  - AcquireExclusiveLock
  - AcquireAllExclusiveLock
  - TryPromoteSharedLock
  - GetProcessorHint
